
Microsoft Visual Studio Solution File, Format Version 12.00
# Visual Studio Version 17
VisualStudioVersion = 17.14.37012.4 d17.14
MinimumVisualStudioVersion = 10.0.40219.1
Project("{FAE04EC0-301F-11D3-BF4B-00C04F79EFBC}") = "Signalr", "Signalr\Signalr.csproj", "{BCA4FA3F-1118-41BA-A78B-8C4C615C6BB0}"
EndProject
Global
	GlobalSection(SolutionConfigurationPlatforms) = preSolution
		Debug|Any CPU = Debug|Any CPU
		Release|Any CPU = Release|Any CPU
	EndGlobalSection
	GlobalSection(ProjectConfigurationPlatforms) = postSolution
		{BCA4FA3F-1118-41BA-A78B-8C4C615C6BB0}.Debug|Any CPU.ActiveCfg = Debug|Any CPU
		{BCA4FA3F-1118-41BA-A78B-8C4C615C6BB0}.Debug|Any CPU.Build.0 = Debug|Any CPU
		{BCA4FA3F-1118-41BA-A78B-8C4C615C6BB0}.Release|Any CPU.ActiveCfg = Release|Any CPU
		{BCA4FA3F-1118-41BA-A78B-8C4C615C6BB0}.Release|Any CPU.Build.0 = Release|Any CPU
	EndGlobalSection
	GlobalSection(SolutionProperties) = preSolution
		HideSolutionNode = FALSE
	EndGlobalSection
	GlobalSection(ExtensibilityGlobals) = postSolution
		SolutionGuid = {60C2BD89-A074-440B-B19A-8A44931F24C6}
	EndGlobalSection
EndGlobal
